
Microsoft Visual Studio Solution File, Format Version 12.00
# Visual Studio Version 17
VisualStudioVersion = 17.11.35222.181
MinimumVisualStudioVersion = 10.0.40219.1
Project("{FAE04EC0-301F-11D3-BF4B-00C04F79EFBC}") = "SkladovySystemApp", "SkladovySystemApp\SkladovySystemApp.csproj", "{5E749027-29EE-4989-A281-308D68D82AFF}"
EndProject
Global
	GlobalSection(SolutionConfigurationPlatforms) = preSolution
		Debug|Any CPU = Debug|Any CPU
		Release|Any CPU = Release|Any CPU
	EndGlobalSection
	GlobalSection(ProjectConfigurationPlatforms) = postSolution
		{5E749027-29EE-4989-A281-308D68D82AFF}.Debug|Any CPU.ActiveCfg = Debug|Any CPU
		{5E749027-29EE-4989-A281-308D68D82AFF}.Debug|Any CPU.Build.0 = Debug|Any CPU
		{5E749027-29EE-4989-A281-308D68D82AFF}.Release|Any CPU.ActiveCfg = Release|Any CPU
		{5E749027-29EE-4989-A281-308D68D82AFF}.Release|Any CPU.Build.0 = Release|Any CPU
	EndGlobalSection
	GlobalSection(SolutionProperties) = preSolution
		HideSolutionNode = FALSE
	EndGlobalSection
	GlobalSection(ExtensibilityGlobals) = postSolution
		SolutionGuid = {FEF1DA45-A01F-4C1F-B2C1-B882FE419772}
	EndGlobalSection
EndGlobal
